
Microsoft Visual Studio Solution File, Format Version 12.00
# Visual Studio Version 16
VisualStudioVersion = 16.0.31624.102
MinimumVisualStudioVersion = 10.0.40219.1
Project("{FAE04EC0-301F-11D3-BF4B-00C04F79EFBC}") = "HomeWorkOfLesson6", "HomeWorkOfLesson6.csproj", "{16275778-5D2A-4EB3-8E2A-0E942BFBD48E}"
EndProject
Global
	GlobalSection(SolutionConfigurationPlatforms) = preSolution
		Debug|Any CPU = Debug|Any CPU
		Release|Any CPU = Release|Any CPU
	EndGlobalSection
	GlobalSection(ProjectConfigurationPlatforms) = postSolution
		{16275778-5D2A-4EB3-8E2A-0E942BFBD48E}.Debug|Any CPU.ActiveCfg = Debug|Any CPU
		{16275778-5D2A-4EB3-8E2A-0E942BFBD48E}.Debug|Any CPU.Build.0 = Debug|Any CPU
		{16275778-5D2A-4EB3-8E2A-0E942BFBD48E}.Release|Any CPU.ActiveCfg = Release|Any CPU
		{16275778-5D2A-4EB3-8E2A-0E942BFBD48E}.Release|Any CPU.Build.0 = Release|Any CPU
	EndGlobalSection
	GlobalSection(SolutionProperties) = preSolution
		HideSolutionNode = FALSE
	EndGlobalSection
	GlobalSection(ExtensibilityGlobals) = postSolution
		SolutionGuid = {6820292C-789D-4AE4-95BC-4265DAED0EDF}
	EndGlobalSection
EndGlobal
